
Microsoft Visual Studio Solution File, Format Version 12.00
# Visual Studio Version 17
VisualStudioVersion = 17.14.36301.6
MinimumVisualStudioVersion = 10.0.40219.1
Project("{FAE04EC0-301F-11D3-BF4B-00C04F79EFBC}") = "rnzTradingSim", "rnzTradingSim\rnzTradingSim.csproj", "{BB26F5CA-73B1-466F-8183-A5FD008F78F1}"
EndProject
Project("{FAE04EC0-301F-11D3-BF4B-00C04F79EFBC}") = "DebugTool", "DebugTool\DebugTool.csproj", "{0318F7F0-8A9C-452A-8F0E-6C17D55993D2}"
EndProject
Project("{FAE04EC0-301F-11D3-BF4B-00C04F79EFBC}") = "rnzGamblersTable", "rnzGamblersTable\rnzGamblersTable.csproj", "{834224FE-51A6-4A84-BF89-CF7D7C2C2F63}"
EndProject
Global
	GlobalSection(SolutionConfigurationPlatforms) = preSolution
		Debug|Any CPU = Debug|Any CPU
		Release|Any CPU = Release|Any CPU
	EndGlobalSection
	GlobalSection(ProjectConfigurationPlatforms) = postSolution
		{BB26F5CA-73B1-466F-8183-A5FD008F78F1}.Debug|Any CPU.ActiveCfg = Debug|Any CPU
		{BB26F5CA-73B1-466F-8183-A5FD008F78F1}.Debug|Any CPU.Build.0 = Debug|Any CPU
		{BB26F5CA-73B1-466F-8183-A5FD008F78F1}.Release|Any CPU.ActiveCfg = Release|Any CPU
		{BB26F5CA-73B1-466F-8183-A5FD008F78F1}.Release|Any CPU.Build.0 = Release|Any CPU
		{0318F7F0-8A9C-452A-8F0E-6C17D55993D2}.Debug|Any CPU.ActiveCfg = Debug|Any CPU
		{0318F7F0-8A9C-452A-8F0E-6C17D55993D2}.Debug|Any CPU.Build.0 = Debug|Any CPU
		{0318F7F0-8A9C-452A-8F0E-6C17D55993D2}.Release|Any CPU.ActiveCfg = Release|Any CPU
		{0318F7F0-8A9C-452A-8F0E-6C17D55993D2}.Release|Any CPU.Build.0 = Release|Any CPU
		{834224FE-51A6-4A84-BF89-CF7D7C2C2F63}.Debug|Any CPU.ActiveCfg = Debug|x64
		{834224FE-51A6-4A84-BF89-CF7D7C2C2F63}.Debug|Any CPU.Build.0 = Debug|x64
		{834224FE-51A6-4A84-BF89-CF7D7C2C2F63}.Debug|Any CPU.Deploy.0 = Debug|x64
		{834224FE-51A6-4A84-BF89-CF7D7C2C2F63}.Release|Any CPU.ActiveCfg = Release|x64
		{834224FE-51A6-4A84-BF89-CF7D7C2C2F63}.Release|Any CPU.Build.0 = Release|x64
		{834224FE-51A6-4A84-BF89-CF7D7C2C2F63}.Release|Any CPU.Deploy.0 = Release|x64
	EndGlobalSection
	GlobalSection(SolutionProperties) = preSolution
		HideSolutionNode = FALSE
	EndGlobalSection
	GlobalSection(ExtensibilityGlobals) = postSolution
		SolutionGuid = {2D9C4022-8AE8-4A4D-9662-E205DAEFF393}
	EndGlobalSection
EndGlobal
